
Microsoft Visual Studio Solution File, Format Version 12.00
# Visual Studio Version 17
VisualStudioVersion = 17.0.31912.275
MinimumVisualStudioVersion = 10.0.40219.1
Project("{FAE04EC0-301F-11D3-BF4B-00C04F79EFBC}") = "Lab09_Task02", "Lab09_Task02.csproj", "{F891C411-4549-4A4B-AE86-211771F715CD}"
EndProject
Global
	GlobalSection(SolutionConfigurationPlatforms) = preSolution
		Debug|Any CPU = Debug|Any CPU
		Release|Any CPU = Release|Any CPU
	EndGlobalSection
	GlobalSection(ProjectConfigurationPlatforms) = postSolution
		{F891C411-4549-4A4B-AE86-211771F715CD}.Debug|Any CPU.ActiveCfg = Debug|Any CPU
		{F891C411-4549-4A4B-AE86-211771F715CD}.Debug|Any CPU.Build.0 = Debug|Any CPU
		{F891C411-4549-4A4B-AE86-211771F715CD}.Release|Any CPU.ActiveCfg = Release|Any CPU
		{F891C411-4549-4A4B-AE86-211771F715CD}.Release|Any CPU.Build.0 = Release|Any CPU
	EndGlobalSection
	GlobalSection(SolutionProperties) = preSolution
		HideSolutionNode = FALSE
	EndGlobalSection
	GlobalSection(ExtensibilityGlobals) = postSolution
		SolutionGuid = {32CE3F2C-A708-41FA-B2B5-61ED0410830E}
	EndGlobalSection
EndGlobal
