
Microsoft Visual Studio Solution File, Format Version 12.00
# Visual Studio Version 17
VisualStudioVersion = 17.0.31912.275
MinimumVisualStudioVersion = 10.0.40219.1
Project("{FAE04EC0-301F-11D3-BF4B-00C04F79EFBC}") = "Pharmacy_Management_System", "Pharmacy_Management_System.csproj", "{3FB42D10-0693-43BC-BBC9-621E01F872B4}"
EndProject
Global
	GlobalSection(SolutionConfigurationPlatforms) = preSolution
		Debug|Any CPU = Debug|Any CPU
		Release|Any CPU = Release|Any CPU
	EndGlobalSection
	GlobalSection(ProjectConfigurationPlatforms) = postSolution
		{3FB42D10-0693-43BC-BBC9-621E01F872B4}.Debug|Any CPU.ActiveCfg = Debug|Any CPU
		{3FB42D10-0693-43BC-BBC9-621E01F872B4}.Debug|Any CPU.Build.0 = Debug|Any CPU
		{3FB42D10-0693-43BC-BBC9-621E01F872B4}.Release|Any CPU.ActiveCfg = Release|Any CPU
		{3FB42D10-0693-43BC-BBC9-621E01F872B4}.Release|Any CPU.Build.0 = Release|Any CPU
	EndGlobalSection
	GlobalSection(SolutionProperties) = preSolution
		HideSolutionNode = FALSE
	EndGlobalSection
	GlobalSection(ExtensibilityGlobals) = postSolution
		SolutionGuid = {41742FC2-9FD0-4661-BAEC-84101A3C23B3}
	EndGlobalSection
EndGlobal
